Microsoft Visual Studio Solution File, Format Version 11.00
# Visual Studio 2010
Project("{8BC9CEB8-8B4A-11D0-8D11-00A0C91BC942}") = "ALL_BUILD", "ALL_BUILD.vcxproj", "{77DA61DF-23A3-4C4A-9CB0-52414E4DB39E}"
	ProjectSection(ProjectDependencies) = postProject
		{357B4A16-2420-4A6D-A001-3BEA5F6B56B1} = {357B4A16-2420-4A6D-A001-3BEA5F6B56B1}
		{25C3F90B-E6D7-4DAD-BBE0-BD3B9AAC3EFD} = {25C3F90B-E6D7-4DAD-BBE0-BD3B9AAC3EFD}
	EndProjectSection
EndProject
Project("{8BC9CEB8-8B4A-11D0-8D11-00A0C91BC942}") = "BasicCalculator", "BasicCalculator.vcxproj", "{357B4A16-2420-4A6D-A001-3BEA5F6B56B1}"
	ProjectSection(ProjectDependencies) = postProject
		{25C3F90B-E6D7-4DAD-BBE0-BD3B9AAC3EFD} = {25C3F90B-E6D7-4DAD-BBE0-BD3B9AAC3EFD}
	EndProjectSection
EndProject
Project("{8BC9CEB8-8B4A-11D0-8D11-00A0C91BC942}") = "INSTALL", "INSTALL.vcxproj", "{D6AB3E23-355C-465F-BC9C-8DE913DB6B9A}"
	ProjectSection(ProjectDependencies) = postProject
		{77DA61DF-23A3-4C4A-9CB0-52414E4DB39E} = {77DA61DF-23A3-4C4A-9CB0-52414E4DB39E}
	EndProjectSection
EndProject
Project("{8BC9CEB8-8B4A-11D0-8D11-00A0C91BC942}") = "ZERO_CHECK", "ZERO_CHECK.vcxproj", "{25C3F90B-E6D7-4DAD-BBE0-BD3B9AAC3EFD}"
	ProjectSection(ProjectDependencies) = postProject
	EndProjectSection
EndProject
Global
	GlobalSection(SolutionConfigurationPlatforms) = preSolution
		Debug|Win32 = Debug|Win32
		Release|Win32 = Release|Win32
		MinSizeRel|Win32 = MinSizeRel|Win32
		RelWithDebInfo|Win32 = RelWithDebInfo|Win32
	EndGlobalSection
	GlobalSection(ProjectConfigurationPlatforms) = postSolution
		{77DA61DF-23A3-4C4A-9CB0-52414E4DB39E}.Debug|Win32.ActiveCfg = Debug|Win32
		{77DA61DF-23A3-4C4A-9CB0-52414E4DB39E}.Debug|Win32.Build.0 = Debug|Win32
		{77DA61DF-23A3-4C4A-9CB0-52414E4DB39E}.Release|Win32.ActiveCfg = Release|Win32
		{77DA61DF-23A3-4C4A-9CB0-52414E4DB39E}.Release|Win32.Build.0 = Release|Win32
		{77DA61DF-23A3-4C4A-9CB0-52414E4DB39E}.MinSizeRel|Win32.ActiveCfg = MinSizeRel|Win32
		{77DA61DF-23A3-4C4A-9CB0-52414E4DB39E}.MinSizeRel|Win32.Build.0 = MinSizeRel|Win32
		{77DA61DF-23A3-4C4A-9CB0-52414E4DB39E}.RelWithDebInfo|Win32.ActiveCfg = RelWithDebInfo|Win32
		{77DA61DF-23A3-4C4A-9CB0-52414E4DB39E}.RelWithDebInfo|Win32.Build.0 = RelWithDebInfo|Win32
		{357B4A16-2420-4A6D-A001-3BEA5F6B56B1}.Debug|Win32.ActiveCfg = Debug|Win32
		{357B4A16-2420-4A6D-A001-3BEA5F6B56B1}.Debug|Win32.Build.0 = Debug|Win32
		{357B4A16-2420-4A6D-A001-3BEA5F6B56B1}.Release|Win32.ActiveCfg = Release|Win32
		{357B4A16-2420-4A6D-A001-3BEA5F6B56B1}.Release|Win32.Build.0 = Release|Win32
		{357B4A16-2420-4A6D-A001-3BEA5F6B56B1}.MinSizeRel|Win32.ActiveCfg = MinSizeRel|Win32
		{357B4A16-2420-4A6D-A001-3BEA5F6B56B1}.MinSizeRel|Win32.Build.0 = MinSizeRel|Win32
		{357B4A16-2420-4A6D-A001-3BEA5F6B56B1}.RelWithDebInfo|Win32.ActiveCfg = RelWithDebInfo|Win32
		{357B4A16-2420-4A6D-A001-3BEA5F6B56B1}.RelWithDebInfo|Win32.Build.0 = RelWithDebInfo|Win32
		{D6AB3E23-355C-465F-BC9C-8DE913DB6B9A}.Debug|Win32.ActiveCfg = Debug|Win32
		{D6AB3E23-355C-465F-BC9C-8DE913DB6B9A}.Release|Win32.ActiveCfg = Release|Win32
		{D6AB3E23-355C-465F-BC9C-8DE913DB6B9A}.MinSizeRel|Win32.ActiveCfg = MinSizeRel|Win32
		{D6AB3E23-355C-465F-BC9C-8DE913DB6B9A}.RelWithDebInfo|Win32.ActiveCfg = RelWithDebInfo|Win32
		{25C3F90B-E6D7-4DAD-BBE0-BD3B9AAC3EFD}.Debug|Win32.ActiveCfg = Debug|Win32
		{25C3F90B-E6D7-4DAD-BBE0-BD3B9AAC3EFD}.Debug|Win32.Build.0 = Debug|Win32
		{25C3F90B-E6D7-4DAD-BBE0-BD3B9AAC3EFD}.Release|Win32.ActiveCfg = Release|Win32
		{25C3F90B-E6D7-4DAD-BBE0-BD3B9AAC3EFD}.Release|Win32.Build.0 = Release|Win32
		{25C3F90B-E6D7-4DAD-BBE0-BD3B9AAC3EFD}.MinSizeRel|Win32.ActiveCfg = MinSizeRel|Win32
		{25C3F90B-E6D7-4DAD-BBE0-BD3B9AAC3EFD}.MinSizeRel|Win32.Build.0 = MinSizeRel|Win32
		{25C3F90B-E6D7-4DAD-BBE0-BD3B9AAC3EFD}.RelWithDebInfo|Win32.ActiveCfg = RelWithDebInfo|Win32
		{25C3F90B-E6D7-4DAD-BBE0-BD3B9AAC3EFD}.RelWithDebInfo|Win32.Build.0 = RelWithDebInfo|Win32
	EndGlobalSection
	GlobalSection(ExtensibilityGlobals) = postSolution
	EndGlobalSection
	GlobalSection(ExtensibilityAddIns) = postSolution
	EndGlobalSection
EndGlobal
