<?xml version="1.0" encoding="utf-8"?>
<Project ToolsVersion="4.0" xmlns="http://schemas.microsoft.com/developer/msbuild/2003">
  <ItemGroup>
    <CustomBuild Include="..\LoggingService_Source\CMakeLists.txt" />
    <CustomBuild Include="CMakeFiles\185650aa499f8ff33d9615c1b9693849\ALL_BUILD.rule">
      <Filter>CMake Rules</Filter>
    </CustomBuild>
  </ItemGroup>
  <ItemGroup>
    <None Include="CMakeFiles\ALL_BUILD" />
  </ItemGroup>
  <ItemGroup>
    <Filter Include="CMake Rules">
      <UniqueIdentifier>{00CE1074-D7A5-4C10-85A0-AB8BC170A62B}</UniqueIdentifier>
    </Filter>
  </ItemGroup>
</Project>
