Microsoft Visual Studio Solution File, Format Version 11.00
# Visual Studio 2010
Project("{8BC9CEB8-8B4A-11D0-8D11-00A0C91BC942}") = "ALL_BUILD", "ALL_BUILD.vcxproj", "{5500006E-4071-4977-93EB-358659492B94}"
	ProjectSection(ProjectDependencies) = postProject
		{C271EC35-EF82-4C6C-9A9A-3DFCD768C60E} = {C271EC35-EF82-4C6C-9A9A-3DFCD768C60E}
		{D8539AFD-01BD-403B-8912-0D17AEB8EB4E} = {D8539AFD-01BD-403B-8912-0D17AEB8EB4E}
	EndProjectSection
EndProject
Project("{8BC9CEB8-8B4A-11D0-8D11-00A0C91BC942}") = "BasicCalculatorGen", "BasicCalculatorGen.vcxproj", "{C271EC35-EF82-4C6C-9A9A-3DFCD768C60E}"
	ProjectSection(ProjectDependencies) = postProject
		{D8539AFD-01BD-403B-8912-0D17AEB8EB4E} = {D8539AFD-01BD-403B-8912-0D17AEB8EB4E}
	EndProjectSection
EndProject
Project("{8BC9CEB8-8B4A-11D0-8D11-00A0C91BC942}") = "INSTALL", "INSTALL.vcxproj", "{6C728B82-65CB-444C-88B4-D86019FEAEC8}"
	ProjectSection(ProjectDependencies) = postProject
		{5500006E-4071-4977-93EB-358659492B94} = {5500006E-4071-4977-93EB-358659492B94}
	EndProjectSection
EndProject
Project("{8BC9CEB8-8B4A-11D0-8D11-00A0C91BC942}") = "ZERO_CHECK", "ZERO_CHECK.vcxproj", "{D8539AFD-01BD-403B-8912-0D17AEB8EB4E}"
	ProjectSection(ProjectDependencies) = postProject
	EndProjectSection
EndProject
Global
	GlobalSection(SolutionConfigurationPlatforms) = preSolution
		Debug|Win32 = Debug|Win32
		Release|Win32 = Release|Win32
		MinSizeRel|Win32 = MinSizeRel|Win32
		RelWithDebInfo|Win32 = RelWithDebInfo|Win32
	EndGlobalSection
	GlobalSection(ProjectConfigurationPlatforms) = postSolution
		{5500006E-4071-4977-93EB-358659492B94}.Debug|Win32.ActiveCfg = Debug|Win32
		{5500006E-4071-4977-93EB-358659492B94}.Debug|Win32.Build.0 = Debug|Win32
		{5500006E-4071-4977-93EB-358659492B94}.Release|Win32.ActiveCfg = Release|Win32
		{5500006E-4071-4977-93EB-358659492B94}.Release|Win32.Build.0 = Release|Win32
		{5500006E-4071-4977-93EB-358659492B94}.MinSizeRel|Win32.ActiveCfg = MinSizeRel|Win32
		{5500006E-4071-4977-93EB-358659492B94}.MinSizeRel|Win32.Build.0 = MinSizeRel|Win32
		{5500006E-4071-4977-93EB-358659492B94}.RelWithDebInfo|Win32.ActiveCfg = RelWithDebInfo|Win32
		{5500006E-4071-4977-93EB-358659492B94}.RelWithDebInfo|Win32.Build.0 = RelWithDebInfo|Win32
		{C271EC35-EF82-4C6C-9A9A-3DFCD768C60E}.Debug|Win32.ActiveCfg = Debug|Win32
		{C271EC35-EF82-4C6C-9A9A-3DFCD768C60E}.Debug|Win32.Build.0 = Debug|Win32
		{C271EC35-EF82-4C6C-9A9A-3DFCD768C60E}.Release|Win32.ActiveCfg = Release|Win32
		{C271EC35-EF82-4C6C-9A9A-3DFCD768C60E}.Release|Win32.Build.0 = Release|Win32
		{C271EC35-EF82-4C6C-9A9A-3DFCD768C60E}.MinSizeRel|Win32.ActiveCfg = MinSizeRel|Win32
		{C271EC35-EF82-4C6C-9A9A-3DFCD768C60E}.MinSizeRel|Win32.Build.0 = MinSizeRel|Win32
		{C271EC35-EF82-4C6C-9A9A-3DFCD768C60E}.RelWithDebInfo|Win32.ActiveCfg = RelWithDebInfo|Win32
		{C271EC35-EF82-4C6C-9A9A-3DFCD768C60E}.RelWithDebInfo|Win32.Build.0 = RelWithDebInfo|Win32
		{6C728B82-65CB-444C-88B4-D86019FEAEC8}.Debug|Win32.ActiveCfg = Debug|Win32
		{6C728B82-65CB-444C-88B4-D86019FEAEC8}.Release|Win32.ActiveCfg = Release|Win32
		{6C728B82-65CB-444C-88B4-D86019FEAEC8}.MinSizeRel|Win32.ActiveCfg = MinSizeRel|Win32
		{6C728B82-65CB-444C-88B4-D86019FEAEC8}.RelWithDebInfo|Win32.ActiveCfg = RelWithDebInfo|Win32
		{D8539AFD-01BD-403B-8912-0D17AEB8EB4E}.Debug|Win32.ActiveCfg = Debug|Win32
		{D8539AFD-01BD-403B-8912-0D17AEB8EB4E}.Debug|Win32.Build.0 = Debug|Win32
		{D8539AFD-01BD-403B-8912-0D17AEB8EB4E}.Release|Win32.ActiveCfg = Release|Win32
		{D8539AFD-01BD-403B-8912-0D17AEB8EB4E}.Release|Win32.Build.0 = Release|Win32
		{D8539AFD-01BD-403B-8912-0D17AEB8EB4E}.MinSizeRel|Win32.ActiveCfg = MinSizeRel|Win32
		{D8539AFD-01BD-403B-8912-0D17AEB8EB4E}.MinSizeRel|Win32.Build.0 = MinSizeRel|Win32
		{D8539AFD-01BD-403B-8912-0D17AEB8EB4E}.RelWithDebInfo|Win32.ActiveCfg = RelWithDebInfo|Win32
		{D8539AFD-01BD-403B-8912-0D17AEB8EB4E}.RelWithDebInfo|Win32.Build.0 = RelWithDebInfo|Win32
	EndGlobalSection
	GlobalSection(ExtensibilityGlobals) = postSolution
	EndGlobalSection
	GlobalSection(ExtensibilityAddIns) = postSolution
	EndGlobalSection
EndGlobal
